// !$*UTF8*$!
{
	archiveVersion = 1;
	classes = {
	};
	objectVersion = 46;
	objects = {

/* Begin PBXBuildFile section */
		3F8B4FD7206387AA005FD246 /* main.m in Sources */ = {isa = PBXBuildFile; fileRef = 3F8B4FD6206387AA005FD246 /* main.m */; };
		3F8B4FDA206387AA005FD246 /* AppDelegate.m in Sources */ = {isa = PBXBuildFile; fileRef = 3F8B4FD9206387AA005FD246 /* AppDelegate.m */; };
		3F8B4FDD206387AA005FD246 /* MasterViewController.m in Sources */ = {isa = PBXBuildFile; fileRef = 3F8B4FDC206387AA005FD246 /* MasterViewController.m */; };
		3F8B4FE0206387AA005FD246 /* DetailViewController.m in Sources */ = {isa = PBXBuildFile; fileRef = 3F8B4FDF206387AA005FD246 /* DetailViewController.m */; };
		3F8B4FE3206387AA005FD246 /* Main.storyboard in Resources */ = {isa = PBXBuildFile; fileRef = 3F8B4FE1206387AA005FD246 /* Main.storyboard */; };
		3F8B4FE5206387AA005FD246 /* Images.xcassets in Resources */ = {isa = PBXBuildFile; fileRef = 3F8B4FE4206387AA005FD246 /* Images.xcassets */; };
		3F8B4FE8206387AA005FD246 /* LaunchScreen.xib in Resources */ = {isa = PBXBuildFile; fileRef = 3F8B4FE6206387AA005FD246 /* LaunchScreen.xib */; };
		3F8B4FF4206387AA005FD246 /* template_for_userTests.m in Sources */ = {isa = PBXBuildFile; fileRef = 3F8B4FF3206387AA005FD246 /* template_for_userTests.m */; };
/* End PBXBuildFile section */

/* Begin PBXContainerItemProxy section */
		3F8B4FEE206387AA005FD246 /* PBXContainerItemProxy */ = {
			isa = PBXContainerItemProxy;
			containerPortal = 3F8B4FC9206387AA005FD246 /* Project object */;
			proxyType = 1;
			remoteGlobalIDString = 3F8B4FD0206387AA005FD246;
			remoteInfo = template_for_user;
		};
/* End PBXContainerItemProxy section */

/* Begin PBXFileReference section */
		3F8B4FD1206387AA005FD246 /* template_for_user.app */ = {isa = PBXFileReference; explicitFileType = wrapper.application; includeInIndex = 0; path = template_for_user.app; sourceTree = BUILT_PRODUCTS_DIR; };
		3F8B4FD5206387AA005FD246 /* Info.plist */ = {isa = PBXFileReference; lastKnownFileType = text.plist.xml; path = Info.plist; sourceTree = "<group>"; };
		3F8B4FD6206387AA005FD246 /* main.m */ = {isa = PBXFileReference; lastKnownFileType = sourcecode.c.objc; path = main.m; sourceTree = "<group>"; };
		3F8B4FD8206387AA005FD246 /* AppDelegate.h */ = {isa = PBXFileReference; lastKnownFileType = sourcecode.c.h; path = AppDelegate.h; sourceTree = "<group>"; };
		3F8B4FD9206387AA005FD246 /* AppDelegate.m */ = {isa = PBXFileReference; lastKnownFileType = sourcecode.c.objc; path = AppDelegate.m; sourceTree = "<group>"; };
		3F8B4FDB206387AA005FD246 /* MasterViewController.h */ = {isa = PBXFileReference; lastKnownFileType = sourcecode.c.h; path = MasterViewController.h; sourceTree = "<group>"; };
		3F8B4FDC206387AA005FD246 /* MasterViewController.m */ = {isa = PBXFileReference; lastKnownFileType = sourcecode.c.objc; path = MasterViewController.m; sourceTree = "<group>"; };
		3F8B4FDE206387AA005FD246 /* DetailViewController.h */ = {isa = PBXFileReference; lastKnownFileType = sourcecode.c.h; path = DetailViewController.h; sourceTree = "<group>"; };
		3F8B4FDF206387AA005FD246 /* DetailViewController.m */ = {isa = PBXFileReference; lastKnownFileType = sourcecode.c.objc; path = DetailViewController.m; sourceTree = "<group>"; };
		3F8B4FE2206387AA005FD246 /* Base */ = {isa = PBXFileReference; lastKnownFileType = file.storyboard; name = Base; path = Base.lproj/Main.storyboard; sourceTree = "<group>"; };
		3F8B4FE4206387AA005FD246 /* Images.xcassets */ = {isa = PBXFileReference; lastKnownFileType = folder.assetcatalog; path = Images.xcassets; sourceTree = "<group>"; };
		3F8B4FE7206387AA005FD246 /* Base */ = {isa = PBXFileReference; lastKnownFileType = file.xib; name = Base; path = Base.lproj/LaunchScreen.xib; sourceTree = "<group>"; };
		3F8B4FED206387AA005FD246 /* template_for_userTests.xctest */ = {isa = PBXFileReference; explicitFileType = wrapper.cfbundle; includeInIndex = 0; path = template_for_userTests.xctest; sourceTree = BUILT_PRODUCTS_DIR; };
		3F8B4FF2206387AA005FD246 /* Info.plist */ = {isa = PBXFileReference; lastKnownFileType = text.plist.xml; path = Info.plist; sourceTree = "<group>"; };
		3F8B4FF3206387AA005FD246 /* template_for_userTests.m */ = {isa = PBXFileReference; lastKnownFileType = sourcecode.c.objc; path = template_for_userTests.m; sourceTree = "<group>"; };
/* End PBXFileReference section */

/* Begin PBXFrameworksBuildPhase section */
		3F8B4FCE206387AA005FD246 /* Frameworks */ = {
			isa = PBXFrameworksBuildPhase;
			buildActionMask = 2147483647;
			files = (
			);
			runOnlyForDeploymentPostprocessing = 0;
		};
		3F8B4FEA206387AA005FD246 /* Frameworks */ = {
			isa = PBXFrameworksBuildPhase;
			buildActionMask = 2147483647;
			files = (
			);
			runOnlyForDeploymentPostprocessing = 0;
		};
/* End PBXFrameworksBuildPhase section */

/* Begin PBXGroup section */
		3F8B4FC8206387AA005FD246 = {
			isa = PBXGroup;
			children = (
				3F8B4FD3206387AA005FD246 /* template_for_user */,
				3F8B4FF0206387AA005FD246 /* template_for_userTests */,
				3F8B4FD2206387AA005FD246 /* Products */,
			);
			sourceTree = "<group>";
		};
		3F8B4FD2206387AA005FD246 /* Products */ = {
			isa = PBXGroup;
			children = (
				3F8B4FD1206387AA005FD246 /* template_for_user.app */,
				3F8B4FED206387AA005FD246 /* template_for_userTests.xctest */,
			);
			name = Products;
			sourceTree = "<group>";
		};
		3F8B4FD3206387AA005FD246 /* template_for_user */ = {
			isa = PBXGroup;
			children = (
				3F8B4FD8206387AA005FD246 /* AppDelegate.h */,
				3F8B4FD9206387AA005FD246 /* AppDelegate.m */,
				3F8B4FDB206387AA005FD246 /* MasterViewController.h */,
				3F8B4FDC206387AA005FD246 /* MasterViewController.m */,
				3F8B4FDE206387AA005FD246 /* DetailViewController.h */,
				3F8B4FDF206387AA005FD246 /* DetailViewController.m */,
				3F8B4FE1206387AA005FD246 /* Main.storyboard */,
				3F8B4FE4206387AA005FD246 /* Images.xcassets */,
				3F8B4FE6206387AA005FD246 /* LaunchScreen.xib */,
				3F8B4FD4206387AA005FD246 /* Supporting Files */,
			);
			path = template_for_user;
			sourceTree = "<group>";
		};
		3F8B4FD4206387AA005FD246 /* Supporting Files */ = {
			isa = PBXGroup;
			children = (
				3F8B4FD5206387AA005FD246 /* Info.plist */,
				3F8B4FD6206387AA005FD246 /* main.m */,
			);
			name = "Supporting Files";
			sourceTree = "<group>";
		};
		3F8B4FF0206387AA005FD246 /* template_for_userTests */ = {
			isa = PBXGroup;
			children = (
				3F8B4FF3206387AA005FD246 /* template_for_userTests.m */,
				3F8B4FF1206387AA005FD246 /* Supporting Files */,
			);
			path = template_for_userTests;
			sourceTree = "<group>";
		};
		3F8B4FF1206387AA005FD246 /* Supporting Files */ = {
			isa = PBXGroup;
			children = (
				3F8B4FF2206387AA005FD246 /* Info.plist */,
			);
			name = "Supporting Files";
			sourceTree = "<group>";
		};
/* End PBXGroup section */

/* Begin PBXNativeTarget section */
		3F8B4FD0206387AA005FD246 /* template_for_user */ = {
			isa = PBXNativeTarget;
			buildConfigurationList = 3F8B4FF7206387AA005FD246 /* Build configuration list for PBXNativeTarget "template_for_user" */;
			buildPhases = (
				3F8B4FCD206387AA005FD246 /* Sources */,
				3F8B4FCE206387AA005FD246 /* Frameworks */,
				3F8B4FCF206387AA005FD246 /* Resources */,
			);
			buildRules = (
			);
			dependencies = (
			);
			name = template_for_user;
			productName = template_for_user;
			productReference = 3F8B4FD1206387AA005FD246 /* template_for_user.app */;
			productType = "com.apple.product-type.application";
		};
		3F8B4FEC206387AA005FD246 /* template_for_userTests */ = {
			isa = PBXNativeTarget;
			buildConfigurationList = 3F8B4FFA206387AA005FD246 /* Build configuration list for PBXNativeTarget "template_for_userTests" */;
			buildPhases = (
				3F8B4FE9206387AA005FD246 /* Sources */,
				3F8B4FEA206387AA005FD246 /* Frameworks */,
				3F8B4FEB206387AA005FD246 /* Resources */,
			);
			buildRules = (
			);
			dependencies = (
				3F8B4FEF206387AA005FD246 /* PBXTargetDependency */,
			);
			name = template_for_userTests;
			productName = template_for_userTests;
			productReference = 3F8B4FED206387AA005FD246 /* template_for_userTests.xctest */;
			productType = "com.apple.product-type.bundle.unit-test";
		};
/* End PBXNativeTarget section */

/* Begin PBXProject section */
		3F8B4FC9206387AA005FD246 /* Project object */ = {
			isa = PBXProject;
			attributes = {
				LastUpgradeCheck = 0630;
				ORGANIZATIONNAME = "Gillian Claire Cancio";
				TargetAttributes = {
					3F8B4FD0206387AA005FD246 = {
						CreatedOnToolsVersion = 6.3;
					};
					3F8B4FEC206387AA005FD246 = {
						CreatedOnToolsVersion = 6.3;
						TestTargetID = 3F8B4FD0206387AA005FD246;
					};
				};
			};
			buildConfigurationList = 3F8B4FCC206387AA005FD246 /* Build configuration list for PBXProject "template_for_user" */;
			compatibilityVersion = "Xcode 3.2";
			developmentRegion = English;
			hasScannedForEncodings = 0;
			knownRegions = (
				en,
				Base,
			);
			mainGroup = 3F8B4FC8206387AA005FD246;
			productRefGroup = 3F8B4FD2206387AA005FD246 /* Products */;
			projectDirPath = "";
			projectRoot = "";
			targets = (
				3F8B4FD0206387AA005FD246 /* template_for_user */,
				3F8B4FEC206387AA005FD246 /* template_for_userTests */,
			);
		};
/* End PBXProject section */

/* Begin PBXResourcesBuildPhase section */
		3F8B4FCF206387AA005FD246 /* Resources */ = {
			isa = PBXResourcesBuildPhase;
			buildActionMask = 2147483647;
			files = (
				3F8B4FE3206387AA005FD246 /* Main.storyboard in Resources */,
				3F8B4FE8206387AA005FD246 /* LaunchScreen.xib in Resources */,
				3F8B4FE5206387AA005FD246 /* Images.xcassets in Resources */,
			);
			runOnlyForDeploymentPostprocessing = 0;
		};
		3F8B4FEB206387AA005FD246 /* Resources */ = {
			isa = PBXResourcesBuildPhase;
			buildActionMask = 2147483647;
			files = (
			);
			runOnlyForDeploymentPostprocessing = 0;
		};
/* End PBXResourcesBuildPhase section */

/* Begin PBXSourcesBuildPhase section */
		3F8B4FCD206387AA005FD246 /* Sources */ = {
			isa = PBXSourcesBuildPhase;
			buildActionMask = 2147483647;
			files = (
				3F8B4FDA206387AA005FD246 /* AppDelegate.m in Sources */,
				3F8B4FDD206387AA005FD246 /* MasterViewController.m in Sources */,
				3F8B4FD7206387AA005FD246 /* main.m in Sources */,
				3F8B4FE0206387AA005FD246 /* DetailViewController.m in Sources */,
			);
			runOnlyForDeploymentPostprocessing = 0;
		};
		3F8B4FE9206387AA005FD246 /* Sources */ = {
			isa = PBXSourcesBuildPhase;
			buildActionMask = 2147483647;
			files = (
				3F8B4FF4206387AA005FD246 /* template_for_userTests.m in Sources */,
			);
			runOnlyForDeploymentPostprocessing = 0;
		};
/* End PBXSourcesBuildPhase section */

/* Begin PBXTargetDependency section */
		3F8B4FEF206387AA005FD246 /* PBXTargetDependency */ = {
			isa = PBXTargetDependency;
			target = 3F8B4FD0206387AA005FD246 /* template_for_user */;
			targetProxy = 3F8B4FEE206387AA005FD246 /* PBXContainerItemProxy */;
		};
/* End PBXTargetDependency section */

/* Begin PBXVariantGroup section */
		3F8B4FE1206387AA005FD246 /* Main.storyboard */ = {
			isa = PBXVariantGroup;
			children = (
				3F8B4FE2206387AA005FD246 /* Base */,
			);
			name = Main.storyboard;
			sourceTree = "<group>";
		};
		3F8B4FE6206387AA005FD246 /* LaunchScreen.xib */ = {
			isa = PBXVariantGroup;
			children = (
				3F8B4FE7206387AA005FD246 /* Base */,
			);
			name = LaunchScreen.xib;
			sourceTree = "<group>";
		};
/* End PBXVariantGroup section */

/* Begin XCBuildConfiguration section */
		3F8B4FF5206387AA005FD246 /* Debug */ = {
			isa = XCBuildConfiguration;
			buildSettings = {
				ALWAYS_SEARCH_USER_PATHS = NO;
				CLANG_CXX_LANGUAGE_STANDARD = "gnu++0x";
				CLANG_CXX_LIBRARY = "libc++";
				CLANG_ENABLE_MODULES = YES;
				CLANG_ENABLE_OBJC_ARC = YES;
				CLANG_WARN_BOOL_CONVERSION = YES;
				CLANG_WARN_CONSTANT_CONVERSION = YES;
				CLANG_WARN_DIRECT_OBJC_ISA_USAGE = YES_ERROR;
				CLANG_WARN_EMPTY_BODY = YES;
				CLANG_WARN_ENUM_CONVERSION = YES;
				CLANG_WARN_INT_CONVERSION = YES;
				CLANG_WARN_OBJC_ROOT_CLASS = YES_ERROR;
				CLANG_WARN_UNREACHABLE_CODE = YES;
				CLANG_WARN__DUPLICATE_METHOD_MATCH = YES;
				"CODE_SIGN_IDENTITY[sdk=iphoneos*]" = "iPhone Developer";
				COPY_PHASE_STRIP = NO;
				DEBUG_INFORMATION_FORMAT = "dwarf-with-dsym";
				ENABLE_STRICT_OBJC_MSGSEND = YES;
				GCC_C_LANGUAGE_STANDARD = gnu99;
				GCC_DYNAMIC_NO_PIC = NO;
				GCC_NO_COMMON_BLOCKS = YES;
				GCC_OPTIMIZATION_LEVEL = 0;
				GCC_PREPROCESSOR_DEFINITIONS = (
					"DEBUG=1",
					"$(inherited)",
				);
				GCC_SYMBOLS_PRIVATE_EXTERN = NO;
				GCC_WARN_64_TO_32_BIT_CONVERSION = YES;
				GCC_WARN_ABOUT_RETURN_TYPE = YES_ERROR;
				GCC_WARN_UNDECLARED_SELECTOR = YES;
				GCC_WARN_UNINITIALIZED_AUTOS = YES_AGGRESSIVE;
				GCC_WARN_UNUSED_FUNCTION = YES;
				GCC_WARN_UNUSED_VARIABLE = YES;
				IPHONEOS_DEPLOYMENT_TARGET = 8.3;
				MTL_ENABLE_DEBUG_INFO = YES;
				ONLY_ACTIVE_ARCH = YES;
				SDKROOT = iphoneos;
				TARGETED_DEVICE_FAMILY = "1,2";
			};
			name = Debug;
		};
		3F8B4FF6206387AA005FD246 /* Release */ = {
			isa = XCBuildConfiguration;
			buildSettings = {
				ALWAYS_SEARCH_USER_PATHS = NO;
				CLANG_CXX_LANGUAGE_STANDARD = "gnu++0x";
				CLANG_CXX_LIBRARY = "libc++";
				CLANG_ENABLE_MODULES = YES;
				CLANG_ENABLE_OBJC_ARC = YES;
				CLANG_WARN_BOOL_CONVERSION = YES;
				CLANG_WARN_CONSTANT_CONVERSION = YES;
				CLANG_WARN_DIRECT_OBJC_ISA_USAGE = YES_ERROR;
				CLANG_WARN_EMPTY_BODY = YES;
				CLANG_WARN_ENUM_CONVERSION = YES;
				CLANG_WARN_INT_CONVERSION = YES;
				CLANG_WARN_OBJC_ROOT_CLASS = YES_ERROR;
				CLANG_WARN_UNREACHABLE_CODE = YES;
				CLANG_WARN__DUPLICATE_METHOD_MATCH = YES;
				"CODE_SIGN_IDENTITY[sdk=iphoneos*]" = "iPhone Developer";
				COPY_PHASE_STRIP = NO;
				DEBUG_INFORMATION_FORMAT = "dwarf-with-dsym";
				ENABLE_NS_ASSERTIONS = NO;
				ENABLE_STRICT_OBJC_MSGSEND = YES;
				GCC_C_LANGUAGE_STANDARD = gnu99;
				GCC_NO_COMMON_BLOCKS = YES;
				GCC_WARN_64_TO_32_BIT_CONVERSION = YES;
				GCC_WARN_ABOUT_RETURN_TYPE = YES_ERROR;
				GCC_WARN_UNDECLARED_SELECTOR = YES;
				GCC_WARN_UNINITIALIZED_AUTOS = YES_AGGRESSIVE;
				GCC_WARN_UNUSED_FUNCTION = YES;
				GCC_WARN_UNUSED_VARIABLE = YES;
				IPHONEOS_DEPLOYMENT_TARGET = 8.3;
				MTL_ENABLE_DEBUG_INFO = NO;
				SDKROOT = iphoneos;
				TARGETED_DEVICE_FAMILY = "1,2";
				VALIDATE_PRODUCT = YES;
			};
			name = Release;
		};
		3F8B4FF8206387AA005FD246 /* Debug */ = {
			isa = XCBuildConfiguration;
			buildSettings = {
				ASSETCATALOG_COMPILER_APPICON_NAME = AppIcon;
				INFOPLIST_FILE = template_for_user/Info.plist;
				LD_RUNPATH_SEARCH_PATHS = "$(inherited) @executable_path/Frameworks";
				PRODUCT_NAME = "$(TARGET_NAME)";
			};
			name = Debug;
		};
		3F8B4FF9206387AA005FD246 /* Release */ = {
			isa = XCBuildConfiguration;
			buildSettings = {
				ASSETCATALOG_COMPILER_APPICON_NAME = AppIcon;
				INFOPLIST_FILE = template_for_user/Info.plist;
				LD_RUNPATH_SEARCH_PATHS = "$(inherited) @executable_path/Frameworks";
				PRODUCT_NAME = "$(TARGET_NAME)";
			};
			name = Release;
		};
		3F8B4FFB206387AA005FD246 /* Debug */ = {
			isa = XCBuildConfiguration;
			buildSettings = {
				BUNDLE_LOADER = "$(TEST_HOST)";
				FRAMEWORK_SEARCH_PATHS = (
					"$(SDKROOT)/Developer/Library/Frameworks",
					"$(inherited)",
				);
				GCC_PREPROCESSOR_DEFINITIONS = (
					"DEBUG=1",
					"$(inherited)",
				);
				INFOPLIST_FILE = template_for_userTests/Info.plist;
				LD_RUNPATH_SEARCH_PATHS = "$(inherited) @executable_path/Frameworks @loader_path/Frameworks";
				PRODUCT_NAME = "$(TARGET_NAME)";
				TEST_HOST = "$(BUILT_PRODUCTS_DIR)/template_for_user.app/template_for_user";
			};
			name = Debug;
		};
		3F8B4FFC206387AA005FD246 /* Release */ = {
			isa = XCBuildConfiguration;
			buildSettings = {
				BUNDLE_LOADER = "$(TEST_HOST)";
				FRAMEWORK_SEARCH_PATHS = (
					"$(SDKROOT)/Developer/Library/Frameworks",
					"$(inherited)",
				);
				INFOPLIST_FILE = template_for_userTests/Info.plist;
				LD_RUNPATH_SEARCH_PATHS = "$(inherited) @executable_path/Frameworks @loader_path/Frameworks";
				PRODUCT_NAME = "$(TARGET_NAME)";
				TEST_HOST = "$(BUILT_PRODUCTS_DIR)/template_for_user.app/template_for_user";
			};
			name = Release;
		};
/* End XCBuildConfiguration section */

/* Begin XCConfigurationList section */
		3F8B4FCC206387AA005FD246 /* Build configuration list for PBXProject "template_for_user" */ = {
			isa = XCConfigurationList;
			buildConfigurations = (
				3F8B4FF5206387AA005FD246 /* Debug */,
				3F8B4FF6206387AA005FD246 /* Release */,
			);
			defaultConfigurationIsVisible = 0;
			defaultConfigurationName = Release;
		};
		3F8B4FF7206387AA005FD246 /* Build configuration list for PBXNativeTarget "template_for_user" */ = {
			isa = XCConfigurationList;
			buildConfigurations = (
				3F8B4FF8206387AA005FD246 /* Debug */,
				3F8B4FF9206387AA005FD246 /* Release */,
			);
			defaultConfigurationIsVisible = 0;
		};
		3F8B4FFA206387AA005FD246 /* Build configuration list for PBXNativeTarget "template_for_userTests" */ = {
			isa = XCConfigurationList;
			buildConfigurations = (
				3F8B4FFB206387AA005FD246 /* Debug */,
				3F8B4FFC206387AA005FD246 /* Release */,
			);
			defaultConfigurationIsVisible = 0;
		};
/* End XCConfigurationList section */
	};
	rootObject = 3F8B4FC9206387AA005FD246 /* Project object */;
}
