// !$*UTF8*$!
{
	archiveVersion = 1;
	classes = {
	};
	objectVersion = 46;
	objects = {

/* Begin PBXBuildFile section */
		3F9D1ADA20637AEC00DC2E40 /* main.m in Sources */ = {isa = PBXBuildFile; fileRef = 3F9D1AD920637AEC00DC2E40 /* main.m */; };
		3F9D1ADD20637AEC00DC2E40 /* AppDelegate.m in Sources */ = {isa = PBXBuildFile; fileRef = 3F9D1ADC20637AEC00DC2E40 /* AppDelegate.m */; };
		3F9D1AE020637AEC00DC2E40 /* RootViewController.m in Sources */ = {isa = PBXBuildFile; fileRef = 3F9D1ADF20637AEC00DC2E40 /* RootViewController.m */; };
		3F9D1AE320637AEC00DC2E40 /* DataViewController.m in Sources */ = {isa = PBXBuildFile; fileRef = 3F9D1AE220637AEC00DC2E40 /* DataViewController.m */; };
		3F9D1AE620637AEC00DC2E40 /* ModelController.m in Sources */ = {isa = PBXBuildFile; fileRef = 3F9D1AE520637AEC00DC2E40 /* ModelController.m */; };
		3F9D1AE920637AEC00DC2E40 /* Main.storyboard in Resources */ = {isa = PBXBuildFile; fileRef = 3F9D1AE720637AEC00DC2E40 /* Main.storyboard */; };
		3F9D1AEB20637AEC00DC2E40 /* Images.xcassets in Resources */ = {isa = PBXBuildFile; fileRef = 3F9D1AEA20637AEC00DC2E40 /* Images.xcassets */; };
		3F9D1AEE20637AEC00DC2E40 /* LaunchScreen.xib in Resources */ = {isa = PBXBuildFile; fileRef = 3F9D1AEC20637AEC00DC2E40 /* LaunchScreen.xib */; };
		3F9D1AFA20637AEC00DC2E40 /* Schoolendar_v_1Tests.m in Sources */ = {isa = PBXBuildFile; fileRef = 3F9D1AF920637AEC00DC2E40 /* Schoolendar_v_1Tests.m */; };
/* End PBXBuildFile section */

/* Begin PBXContainerItemProxy section */
		3F9D1AF420637AEC00DC2E40 /* PBXContainerItemProxy */ = {
			isa = PBXContainerItemProxy;
			containerPortal = 3F9D1ACC20637AEC00DC2E40 /* Project object */;
			proxyType = 1;
			remoteGlobalIDString = 3F9D1AD320637AEC00DC2E40;
			remoteInfo = Schoolendar_v.1;
		};
/* End PBXContainerItemProxy section */

/* Begin PBXFileReference section */
		3F9D1AD420637AEC00DC2E40 /* Schoolendar_v.1.app */ = {isa = PBXFileReference; explicitFileType = wrapper.application; includeInIndex = 0; path = Schoolendar_v.1.app; sourceTree = BUILT_PRODUCTS_DIR; };
		3F9D1AD820637AEC00DC2E40 /* Info.plist */ = {isa = PBXFileReference; lastKnownFileType = text.plist.xml; path = Info.plist; sourceTree = "<group>"; };
		3F9D1AD920637AEC00DC2E40 /* main.m */ = {isa = PBXFileReference; lastKnownFileType = sourcecode.c.objc; path = main.m; sourceTree = "<group>"; };
		3F9D1ADB20637AEC00DC2E40 /* AppDelegate.h */ = {isa = PBXFileReference; lastKnownFileType = sourcecode.c.h; path = AppDelegate.h; sourceTree = "<group>"; };
		3F9D1ADC20637AEC00DC2E40 /* AppDelegate.m */ = {isa = PBXFileReference; lastKnownFileType = sourcecode.c.objc; path = AppDelegate.m; sourceTree = "<group>"; };
		3F9D1ADE20637AEC00DC2E40 /* RootViewController.h */ = {isa = PBXFileReference; lastKnownFileType = sourcecode.c.h; path = RootViewController.h; sourceTree = "<group>"; };
		3F9D1ADF20637AEC00DC2E40 /* RootViewController.m */ = {isa = PBXFileReference; lastKnownFileType = sourcecode.c.objc; path = RootViewController.m; sourceTree = "<group>"; };
		3F9D1AE120637AEC00DC2E40 /* DataViewController.h */ = {isa = PBXFileReference; lastKnownFileType = sourcecode.c.h; path = DataViewController.h; sourceTree = "<group>"; };
		3F9D1AE220637AEC00DC2E40 /* DataViewController.m */ = {isa = PBXFileReference; lastKnownFileType = sourcecode.c.objc; path = DataViewController.m; sourceTree = "<group>"; };
		3F9D1AE420637AEC00DC2E40 /* ModelController.h */ = {isa = PBXFileReference; lastKnownFileType = sourcecode.c.h; path = ModelController.h; sourceTree = "<group>"; };
		3F9D1AE520637AEC00DC2E40 /* ModelController.m */ = {isa = PBXFileReference; lastKnownFileType = sourcecode.c.objc; path = ModelController.m; sourceTree = "<group>"; };
		3F9D1AE820637AEC00DC2E40 /* Base */ = {isa = PBXFileReference; lastKnownFileType = file.storyboard; name = Base; path = Base.lproj/Main.storyboard; sourceTree = "<group>"; };
		3F9D1AEA20637AEC00DC2E40 /* Images.xcassets */ = {isa = PBXFileReference; lastKnownFileType = folder.assetcatalog; path = Images.xcassets; sourceTree = "<group>"; };
		3F9D1AED20637AEC00DC2E40 /* Base */ = {isa = PBXFileReference; lastKnownFileType = file.xib; name = Base; path = Base.lproj/LaunchScreen.xib; sourceTree = "<group>"; };
		3F9D1AF320637AEC00DC2E40 /* Schoolendar_v.1Tests.xctest */ = {isa = PBXFileReference; explicitFileType = wrapper.cfbundle; includeInIndex = 0; path = Schoolendar_v.1Tests.xctest; sourceTree = BUILT_PRODUCTS_DIR; };
		3F9D1AF820637AEC00DC2E40 /* Info.plist */ = {isa = PBXFileReference; lastKnownFileType = text.plist.xml; path = Info.plist; sourceTree = "<group>"; };
		3F9D1AF920637AEC00DC2E40 /* Schoolendar_v_1Tests.m */ = {isa = PBXFileReference; lastKnownFileType = sourcecode.c.objc; path = Schoolendar_v_1Tests.m; sourceTree = "<group>"; };
/* End PBXFileReference section */

/* Begin PBXFrameworksBuildPhase section */
		3F9D1AD120637AEC00DC2E40 /* Frameworks */ = {
			isa = PBXFrameworksBuildPhase;
			buildActionMask = 2147483647;
			files = (
			);
			runOnlyForDeploymentPostprocessing = 0;
		};
		3F9D1AF020637AEC00DC2E40 /* Frameworks */ = {
			isa = PBXFrameworksBuildPhase;
			buildActionMask = 2147483647;
			files = (
			);
			runOnlyForDeploymentPostprocessing = 0;
		};
/* End PBXFrameworksBuildPhase section */

/* Begin PBXGroup section */
		3F9D1ACB20637AEC00DC2E40 = {
			isa = PBXGroup;
			children = (
				3F9D1AD620637AEC00DC2E40 /* Schoolendar_v.1 */,
				3F9D1AF620637AEC00DC2E40 /* Schoolendar_v.1Tests */,
				3F9D1AD520637AEC00DC2E40 /* Products */,
			);
			sourceTree = "<group>";
		};
		3F9D1AD520637AEC00DC2E40 /* Products */ = {
			isa = PBXGroup;
			children = (
				3F9D1AD420637AEC00DC2E40 /* Schoolendar_v.1.app */,
				3F9D1AF320637AEC00DC2E40 /* Schoolendar_v.1Tests.xctest */,
			);
			name = Products;
			sourceTree = "<group>";
		};
		3F9D1AD620637AEC00DC2E40 /* Schoolendar_v.1 */ = {
			isa = PBXGroup;
			children = (
				3F9D1ADB20637AEC00DC2E40 /* AppDelegate.h */,
				3F9D1ADC20637AEC00DC2E40 /* AppDelegate.m */,
				3F9D1ADE20637AEC00DC2E40 /* RootViewController.h */,
				3F9D1ADF20637AEC00DC2E40 /* RootViewController.m */,
				3F9D1AE120637AEC00DC2E40 /* DataViewController.h */,
				3F9D1AE220637AEC00DC2E40 /* DataViewController.m */,
				3F9D1AE420637AEC00DC2E40 /* ModelController.h */,
				3F9D1AE520637AEC00DC2E40 /* ModelController.m */,
				3F9D1AE720637AEC00DC2E40 /* Main.storyboard */,
				3F9D1AEA20637AEC00DC2E40 /* Images.xcassets */,
				3F9D1AEC20637AEC00DC2E40 /* LaunchScreen.xib */,
				3F9D1AD720637AEC00DC2E40 /* Supporting Files */,
			);
			path = Schoolendar_v.1;
			sourceTree = "<group>";
		};
		3F9D1AD720637AEC00DC2E40 /* Supporting Files */ = {
			isa = PBXGroup;
			children = (
				3F9D1AD820637AEC00DC2E40 /* Info.plist */,
				3F9D1AD920637AEC00DC2E40 /* main.m */,
			);
			name = "Supporting Files";
			sourceTree = "<group>";
		};
		3F9D1AF620637AEC00DC2E40 /* Schoolendar_v.1Tests */ = {
			isa = PBXGroup;
			children = (
				3F9D1AF920637AEC00DC2E40 /* Schoolendar_v_1Tests.m */,
				3F9D1AF720637AEC00DC2E40 /* Supporting Files */,
			);
			path = Schoolendar_v.1Tests;
			sourceTree = "<group>";
		};
		3F9D1AF720637AEC00DC2E40 /* Supporting Files */ = {
			isa = PBXGroup;
			children = (
				3F9D1AF820637AEC00DC2E40 /* Info.plist */,
			);
			name = "Supporting Files";
			sourceTree = "<group>";
		};
/* End PBXGroup section */

/* Begin PBXNativeTarget section */
		3F9D1AD320637AEC00DC2E40 /* Schoolendar_v.1 */ = {
			isa = PBXNativeTarget;
			buildConfigurationList = 3F9D1AFD20637AEC00DC2E40 /* Build configuration list for PBXNativeTarget "Schoolendar_v.1" */;
			buildPhases = (
				3F9D1AD020637AEC00DC2E40 /* Sources */,
				3F9D1AD120637AEC00DC2E40 /* Frameworks */,
				3F9D1AD220637AEC00DC2E40 /* Resources */,
			);
			buildRules = (
			);
			dependencies = (
			);
			name = Schoolendar_v.1;
			productName = Schoolendar_v.1;
			productReference = 3F9D1AD420637AEC00DC2E40 /* Schoolendar_v.1.app */;
			productType = "com.apple.product-type.application";
		};
		3F9D1AF220637AEC00DC2E40 /* Schoolendar_v.1Tests */ = {
			isa = PBXNativeTarget;
			buildConfigurationList = 3F9D1B0020637AEC00DC2E40 /* Build configuration list for PBXNativeTarget "Schoolendar_v.1Tests" */;
			buildPhases = (
				3F9D1AEF20637AEC00DC2E40 /* Sources */,
				3F9D1AF020637AEC00DC2E40 /* Frameworks */,
				3F9D1AF120637AEC00DC2E40 /* Resources */,
			);
			buildRules = (
			);
			dependencies = (
				3F9D1AF520637AEC00DC2E40 /* PBXTargetDependency */,
			);
			name = Schoolendar_v.1Tests;
			productName = Schoolendar_v.1Tests;
			productReference = 3F9D1AF320637AEC00DC2E40 /* Schoolendar_v.1Tests.xctest */;
			productType = "com.apple.product-type.bundle.unit-test";
		};
/* End PBXNativeTarget section */

/* Begin PBXProject section */
		3F9D1ACC20637AEC00DC2E40 /* Project object */ = {
			isa = PBXProject;
			attributes = {
				LastUpgradeCheck = 0630;
				ORGANIZATIONNAME = "Gillian Claire Cancio";
				TargetAttributes = {
					3F9D1AD320637AEC00DC2E40 = {
						CreatedOnToolsVersion = 6.3;
					};
					3F9D1AF220637AEC00DC2E40 = {
						CreatedOnToolsVersion = 6.3;
						TestTargetID = 3F9D1AD320637AEC00DC2E40;
					};
				};
			};
			buildConfigurationList = 3F9D1ACF20637AEC00DC2E40 /* Build configuration list for PBXProject "Schoolendar_v.1" */;
			compatibilityVersion = "Xcode 3.2";
			developmentRegion = English;
			hasScannedForEncodings = 0;
			knownRegions = (
				en,
				Base,
			);
			mainGroup = 3F9D1ACB20637AEC00DC2E40;
			productRefGroup = 3F9D1AD520637AEC00DC2E40 /* Products */;
			projectDirPath = "";
			projectRoot = "";
			targets = (
				3F9D1AD320637AEC00DC2E40 /* Schoolendar_v.1 */,
				3F9D1AF220637AEC00DC2E40 /* Schoolendar_v.1Tests */,
			);
		};
/* End PBXProject section */

/* Begin PBXResourcesBuildPhase section */
		3F9D1AD220637AEC00DC2E40 /* Resources */ = {
			isa = PBXResourcesBuildPhase;
			buildActionMask = 2147483647;
			files = (
				3F9D1AE920637AEC00DC2E40 /* Main.storyboard in Resources */,
				3F9D1AEE20637AEC00DC2E40 /* LaunchScreen.xib in Resources */,
				3F9D1AEB20637AEC00DC2E40 /* Images.xcassets in Resources */,
			);
			runOnlyForDeploymentPostprocessing = 0;
		};
		3F9D1AF120637AEC00DC2E40 /* Resources */ = {
			isa = PBXResourcesBuildPhase;
			buildActionMask = 2147483647;
			files = (
			);
			runOnlyForDeploymentPostprocessing = 0;
		};
/* End PBXResourcesBuildPhase section */

/* Begin PBXSourcesBuildPhase section */
		3F9D1AD020637AEC00DC2E40 /* Sources */ = {
			isa = PBXSourcesBuildPhase;
			buildActionMask = 2147483647;
			files = (
				3F9D1AE320637AEC00DC2E40 /* DataViewController.m in Sources */,
				3F9D1ADD20637AEC00DC2E40 /* AppDelegate.m in Sources */,
				3F9D1AE620637AEC00DC2E40 /* ModelController.m in Sources */,
				3F9D1ADA20637AEC00DC2E40 /* main.m in Sources */,
				3F9D1AE020637AEC00DC2E40 /* RootViewController.m in Sources */,
			);
			runOnlyForDeploymentPostprocessing = 0;
		};
		3F9D1AEF20637AEC00DC2E40 /* Sources */ = {
			isa = PBXSourcesBuildPhase;
			buildActionMask = 2147483647;
			files = (
				3F9D1AFA20637AEC00DC2E40 /* Schoolendar_v_1Tests.m in Sources */,
			);
			runOnlyForDeploymentPostprocessing = 0;
		};
/* End PBXSourcesBuildPhase section */

/* Begin PBXTargetDependency section */
		3F9D1AF520637AEC00DC2E40 /* PBXTargetDependency */ = {
			isa = PBXTargetDependency;
			target = 3F9D1AD320637AEC00DC2E40 /* Schoolendar_v.1 */;
			targetProxy = 3F9D1AF420637AEC00DC2E40 /* PBXContainerItemProxy */;
		};
/* End PBXTargetDependency section */

/* Begin PBXVariantGroup section */
		3F9D1AE720637AEC00DC2E40 /* Main.storyboard */ = {
			isa = PBXVariantGroup;
			children = (
				3F9D1AE820637AEC00DC2E40 /* Base */,
			);
			name = Main.storyboard;
			sourceTree = "<group>";
		};
		3F9D1AEC20637AEC00DC2E40 /* LaunchScreen.xib */ = {
			isa = PBXVariantGroup;
			children = (
				3F9D1AED20637AEC00DC2E40 /* Base */,
			);
			name = LaunchScreen.xib;
			sourceTree = "<group>";
		};
/* End PBXVariantGroup section */

/* Begin XCBuildConfiguration section */
		3F9D1AFB20637AEC00DC2E40 /* Debug */ = {
			isa = XCBuildConfiguration;
			buildSettings = {
				ALWAYS_SEARCH_USER_PATHS = NO;
				CLANG_CXX_LANGUAGE_STANDARD = "gnu++0x";
				CLANG_CXX_LIBRARY = "libc++";
				CLANG_ENABLE_MODULES = YES;
				CLANG_ENABLE_OBJC_ARC = YES;
				CLANG_WARN_BOOL_CONVERSION = YES;
				CLANG_WARN_CONSTANT_CONVERSION = YES;
				CLANG_WARN_DIRECT_OBJC_ISA_USAGE = YES_ERROR;
				CLANG_WARN_EMPTY_BODY = YES;
				CLANG_WARN_ENUM_CONVERSION = YES;
				CLANG_WARN_INT_CONVERSION = YES;
				CLANG_WARN_OBJC_ROOT_CLASS = YES_ERROR;
				CLANG_WARN_UNREACHABLE_CODE = YES;
				CLANG_WARN__DUPLICATE_METHOD_MATCH = YES;
				"CODE_SIGN_IDENTITY[sdk=iphoneos*]" = "iPhone Developer";
				COPY_PHASE_STRIP = NO;
				DEBUG_INFORMATION_FORMAT = "dwarf-with-dsym";
				ENABLE_STRICT_OBJC_MSGSEND = YES;
				GCC_C_LANGUAGE_STANDARD = gnu99;
				GCC_DYNAMIC_NO_PIC = NO;
				GCC_NO_COMMON_BLOCKS = YES;
				GCC_OPTIMIZATION_LEVEL = 0;
				GCC_PREPROCESSOR_DEFINITIONS = (
					"DEBUG=1",
					"$(inherited)",
				);
				GCC_SYMBOLS_PRIVATE_EXTERN = NO;
				GCC_WARN_64_TO_32_BIT_CONVERSION = YES;
				GCC_WARN_ABOUT_RETURN_TYPE = YES_ERROR;
				GCC_WARN_UNDECLARED_SELECTOR = YES;
				GCC_WARN_UNINITIALIZED_AUTOS = YES_AGGRESSIVE;
				GCC_WARN_UNUSED_FUNCTION = YES;
				GCC_WARN_UNUSED_VARIABLE = YES;
				IPHONEOS_DEPLOYMENT_TARGET = 8.3;
				MTL_ENABLE_DEBUG_INFO = YES;
				ONLY_ACTIVE_ARCH = YES;
				SDKROOT = iphoneos;
				TARGETED_DEVICE_FAMILY = "1,2";
			};
			name = Debug;
		};
		3F9D1AFC20637AEC00DC2E40 /* Release */ = {
			isa = XCBuildConfiguration;
			buildSettings = {
				ALWAYS_SEARCH_USER_PATHS = NO;
				CLANG_CXX_LANGUAGE_STANDARD = "gnu++0x";
				CLANG_CXX_LIBRARY = "libc++";
				CLANG_ENABLE_MODULES = YES;
				CLANG_ENABLE_OBJC_ARC = YES;
				CLANG_WARN_BOOL_CONVERSION = YES;
				CLANG_WARN_CONSTANT_CONVERSION = YES;
				CLANG_WARN_DIRECT_OBJC_ISA_USAGE = YES_ERROR;
				CLANG_WARN_EMPTY_BODY = YES;
				CLANG_WARN_ENUM_CONVERSION = YES;
				CLANG_WARN_INT_CONVERSION = YES;
				CLANG_WARN_OBJC_ROOT_CLASS = YES_ERROR;
				CLANG_WARN_UNREACHABLE_CODE = YES;
				CLANG_WARN__DUPLICATE_METHOD_MATCH = YES;
				"CODE_SIGN_IDENTITY[sdk=iphoneos*]" = "iPhone Developer";
				COPY_PHASE_STRIP = NO;
				DEBUG_INFORMATION_FORMAT = "dwarf-with-dsym";
				ENABLE_NS_ASSERTIONS = NO;
				ENABLE_STRICT_OBJC_MSGSEND = YES;
				GCC_C_LANGUAGE_STANDARD = gnu99;
				GCC_NO_COMMON_BLOCKS = YES;
				GCC_WARN_64_TO_32_BIT_CONVERSION = YES;
				GCC_WARN_ABOUT_RETURN_TYPE = YES_ERROR;
				GCC_WARN_UNDECLARED_SELECTOR = YES;
				GCC_WARN_UNINITIALIZED_AUTOS = YES_AGGRESSIVE;
				GCC_WARN_UNUSED_FUNCTION = YES;
				GCC_WARN_UNUSED_VARIABLE = YES;
				IPHONEOS_DEPLOYMENT_TARGET = 8.3;
				MTL_ENABLE_DEBUG_INFO = NO;
				SDKROOT = iphoneos;
				TARGETED_DEVICE_FAMILY = "1,2";
				VALIDATE_PRODUCT = YES;
			};
			name = Release;
		};
		3F9D1AFE20637AEC00DC2E40 /* Debug */ = {
			isa = XCBuildConfiguration;
			buildSettings = {
				ASSETCATALOG_COMPILER_APPICON_NAME = AppIcon;
				INFOPLIST_FILE = Schoolendar_v.1/Info.plist;
				LD_RUNPATH_SEARCH_PATHS = "$(inherited) @executable_path/Frameworks";
				PRODUCT_NAME = "$(TARGET_NAME)";
			};
			name = Debug;
		};
		3F9D1AFF20637AEC00DC2E40 /* Release */ = {
			isa = XCBuildConfiguration;
			buildSettings = {
				ASSETCATALOG_COMPILER_APPICON_NAME = AppIcon;
				INFOPLIST_FILE = Schoolendar_v.1/Info.plist;
				LD_RUNPATH_SEARCH_PATHS = "$(inherited) @executable_path/Frameworks";
				PRODUCT_NAME = "$(TARGET_NAME)";
			};
			name = Release;
		};
		3F9D1B0120637AEC00DC2E40 /* Debug */ = {
			isa = XCBuildConfiguration;
			buildSettings = {
				BUNDLE_LOADER = "$(TEST_HOST)";
				FRAMEWORK_SEARCH_PATHS = (
					"$(SDKROOT)/Developer/Library/Frameworks",
					"$(inherited)",
				);
				GCC_PREPROCESSOR_DEFINITIONS = (
					"DEBUG=1",
					"$(inherited)",
				);
				INFOPLIST_FILE = Schoolendar_v.1Tests/Info.plist;
				LD_RUNPATH_SEARCH_PATHS = "$(inherited) @executable_path/Frameworks @loader_path/Frameworks";
				PRODUCT_NAME = "$(TARGET_NAME)";
				TEST_HOST = "$(BUILT_PRODUCTS_DIR)/Schoolendar_v.1.app/Schoolendar_v.1";
			};
			name = Debug;
		};
		3F9D1B0220637AEC00DC2E40 /* Release */ = {
			isa = XCBuildConfiguration;
			buildSettings = {
				BUNDLE_LOADER = "$(TEST_HOST)";
				FRAMEWORK_SEARCH_PATHS = (
					"$(SDKROOT)/Developer/Library/Frameworks",
					"$(inherited)",
				);
				INFOPLIST_FILE = Schoolendar_v.1Tests/Info.plist;
				LD_RUNPATH_SEARCH_PATHS = "$(inherited) @executable_path/Frameworks @loader_path/Frameworks";
				PRODUCT_NAME = "$(TARGET_NAME)";
				TEST_HOST = "$(BUILT_PRODUCTS_DIR)/Schoolendar_v.1.app/Schoolendar_v.1";
			};
			name = Release;
		};
/* End XCBuildConfiguration section */

/* Begin XCConfigurationList section */
		3F9D1ACF20637AEC00DC2E40 /* Build configuration list for PBXProject "Schoolendar_v.1" */ = {
			isa = XCConfigurationList;
			buildConfigurations = (
				3F9D1AFB20637AEC00DC2E40 /* Debug */,
				3F9D1AFC20637AEC00DC2E40 /* Release */,
			);
			defaultConfigurationIsVisible = 0;
			defaultConfigurationName = Release;
		};
		3F9D1AFD20637AEC00DC2E40 /* Build configuration list for PBXNativeTarget "Schoolendar_v.1" */ = {
			isa = XCConfigurationList;
			buildConfigurations = (
				3F9D1AFE20637AEC00DC2E40 /* Debug */,
				3F9D1AFF20637AEC00DC2E40 /* Release */,
			);
			defaultConfigurationIsVisible = 0;
		};
		3F9D1B0020637AEC00DC2E40 /* Build configuration list for PBXNativeTarget "Schoolendar_v.1Tests" */ = {
			isa = XCConfigurationList;
			buildConfigurations = (
				3F9D1B0120637AEC00DC2E40 /* Debug */,
				3F9D1B0220637AEC00DC2E40 /* Release */,
			);
			defaultConfigurationIsVisible = 0;
		};
/* End XCConfigurationList section */
	};
	rootObject = 3F9D1ACC20637AEC00DC2E40 /* Project object */;
}
